
Microsoft Visual Studio Solution File, Format Version 12.00
# Visual Studio Version 17
VisualStudioVersion = 17.14.36301.6
MinimumVisualStudioVersion = 10.0.40219.1
Project("{FAE04EC0-301F-11D3-BF4B-00C04F79EFBC}") = "simbolos-balanceados", "simbolos-balanceados\simbolos-balanceados.csproj", "{86943018-D4C9-49D1-BDA6-17E9E8464754}"
EndProject
Project("{FAE04EC0-301F-11D3-BF4B-00C04F79EFBC}") = "LengthOfLongestSubstring", "LengthOfLongestSubstring\LengthOfLongestSubstring.csproj", "{FDF2FCA6-A4FB-4565-9CAD-3D0A6C0F3CB7}"
EndProject
Project("{FAE04EC0-301F-11D3-BF4B-00C04F79EFBC}") = "findMedianSortedArrays", "findMedianSortedArrays\findMedianSortedArrays.csproj", "{B435EF96-0149-43B4-8661-DF913BC78F9A}"
EndProject
Project("{FAE04EC0-301F-11D3-BF4B-00C04F79EFBC}") = "LongestPalindrome", "LongestPalindrome\LongestPalindrome.csproj", "{FFD9E43B-F336-41B4-A65A-20448FBA3EB6}"
EndProject
Project("{FAE04EC0-301F-11D3-BF4B-00C04F79EFBC}") = "zigzag-conversion", "zigzag-conversion\zigzag-conversion.csproj", "{41F4DC5C-56ED-4780-BE64-6ECDEF42C33C}"
EndProject
Project("{FAE04EC0-301F-11D3-BF4B-00C04F79EFBC}") = "reverse-integer", "reverse-integer\reverse-integer.csproj", "{DEFDD994-13B4-4EDC-846E-9AF4BAF22D59}"
EndProject
Project("{FAE04EC0-301F-11D3-BF4B-00C04F79EFBC}") = "string-to-integer", "string-to-integer\string-to-integer.csproj", "{312C8DA2-7BB5-424A-9A61-EC1CB3FD4986}"
EndProject
Project("{FAE04EC0-301F-11D3-BF4B-00C04F79EFBC}") = "IsPalindrome", "IsPalindrome\IsPalindrome.csproj", "{830032AF-EEA4-452A-B8DF-5E176C8628B5}"
EndProject
Project("{FAE04EC0-301F-11D3-BF4B-00C04F79EFBC}") = "regex-matching", "regex-matching\regex-matching.csproj", "{4DCA1EFE-D3BD-4106-8F14-2614105A7DF3}"
EndProject
Project("{FAE04EC0-301F-11D3-BF4B-00C04F79EFBC}") = "MaxArea", "MaxArea\MaxArea.csproj", "{92823600-4230-4715-8A5E-94EB8239DF40}"
EndProject
Project("{FAE04EC0-301F-11D3-BF4B-00C04F79EFBC}") = "LongestCommonPrefix", "LongestCommonPrefix\LongestCommonPrefix.csproj", "{F2BE87CC-1FA8-4A3F-9BB7-2F4CAEDFF760}"
EndProject
Project("{FAE04EC0-301F-11D3-BF4B-00C04F79EFBC}") = "ThreeSum", "ThreeSum\ThreeSum.csproj", "{46739C4B-2C25-4779-8CE2-87E23CBCA286}"
EndProject
Project("{FAE04EC0-301F-11D3-BF4B-00C04F79EFBC}") = "ThreeSumClosest", "ThreeSumClosest\ThreeSumClosest.csproj", "{0AF7D9BF-186C-4AA5-BACF-EBE35AED4EC9}"
EndProject
Project("{FAE04EC0-301F-11D3-BF4B-00C04F79EFBC}") = "LetterCombinations", "LetterCombinations\LetterCombinations.csproj", "{8C748962-AD5A-431B-AC7D-A0505423D687}"
EndProject
Project("{FAE04EC0-301F-11D3-BF4B-00C04F79EFBC}") = "FourSum", "FourSum\FourSum.csproj", "{2B8209C8-19B5-4A57-AEB4-843B2BF8F9CF}"
EndProject
Project("{FAE04EC0-301F-11D3-BF4B-00C04F79EFBC}") = "RemoveNthFromEnd", "RemoveNthFromEnd\RemoveNthFromEnd.csproj", "{FE6A0FB7-F550-4506-8886-E5A66A3D0423}"
EndProject
Global
	GlobalSection(SolutionConfigurationPlatforms) = preSolution
		Debug|Any CPU = Debug|Any CPU
		Debug|x64 = Debug|x64
		Debug|x86 = Debug|x86
		Release|Any CPU = Release|Any CPU
		Release|x64 = Release|x64
		Release|x86 = Release|x86
	EndGlobalSection
	GlobalSection(ProjectConfigurationPlatforms) = postSolution
		{86943018-D4C9-49D1-BDA6-17E9E8464754}.Debug|Any CPU.ActiveCfg = Debug|Any CPU
		{86943018-D4C9-49D1-BDA6-17E9E8464754}.Debug|Any CPU.Build.0 = Debug|Any CPU
		{86943018-D4C9-49D1-BDA6-17E9E8464754}.Debug|x64.ActiveCfg = Debug|Any CPU
		{86943018-D4C9-49D1-BDA6-17E9E8464754}.Debug|x64.Build.0 = Debug|Any CPU
		{86943018-D4C9-49D1-BDA6-17E9E8464754}.Debug|x86.ActiveCfg = Debug|Any CPU
		{86943018-D4C9-49D1-BDA6-17E9E8464754}.Debug|x86.Build.0 = Debug|Any CPU
		{86943018-D4C9-49D1-BDA6-17E9E8464754}.Release|Any CPU.ActiveCfg = Release|Any CPU
		{86943018-D4C9-49D1-BDA6-17E9E8464754}.Release|Any CPU.Build.0 = Release|Any CPU
		{86943018-D4C9-49D1-BDA6-17E9E8464754}.Release|x64.ActiveCfg = Release|Any CPU
		{86943018-D4C9-49D1-BDA6-17E9E8464754}.Release|x64.Build.0 = Release|Any CPU
		{86943018-D4C9-49D1-BDA6-17E9E8464754}.Release|x86.ActiveCfg = Release|Any CPU
		{86943018-D4C9-49D1-BDA6-17E9E8464754}.Release|x86.Build.0 = Release|Any CPU
		{FDF2FCA6-A4FB-4565-9CAD-3D0A6C0F3CB7}.Debug|Any CPU.ActiveCfg = Debug|Any CPU
		{FDF2FCA6-A4FB-4565-9CAD-3D0A6C0F3CB7}.Debug|Any CPU.Build.0 = Debug|Any CPU
		{FDF2FCA6-A4FB-4565-9CAD-3D0A6C0F3CB7}.Debug|x64.ActiveCfg = Debug|Any CPU
		{FDF2FCA6-A4FB-4565-9CAD-3D0A6C0F3CB7}.Debug|x64.Build.0 = Debug|Any CPU
		{FDF2FCA6-A4FB-4565-9CAD-3D0A6C0F3CB7}.Debug|x86.ActiveCfg = Debug|Any CPU
		{FDF2FCA6-A4FB-4565-9CAD-3D0A6C0F3CB7}.Debug|x86.Build.0 = Debug|Any CPU
		{FDF2FCA6-A4FB-4565-9CAD-3D0A6C0F3CB7}.Release|Any CPU.ActiveCfg = Release|Any CPU
		{FDF2FCA6-A4FB-4565-9CAD-3D0A6C0F3CB7}.Release|Any CPU.Build.0 = Release|Any CPU
		{FDF2FCA6-A4FB-4565-9CAD-3D0A6C0F3CB7}.Release|x64.ActiveCfg = Release|Any CPU
		{FDF2FCA6-A4FB-4565-9CAD-3D0A6C0F3CB7}.Release|x64.Build.0 = Release|Any CPU
		{FDF2FCA6-A4FB-4565-9CAD-3D0A6C0F3CB7}.Release|x86.ActiveCfg = Release|Any CPU
		{FDF2FCA6-A4FB-4565-9CAD-3D0A6C0F3CB7}.Release|x86.Build.0 = Release|Any CPU
		{B435EF96-0149-43B4-8661-DF913BC78F9A}.Debug|Any CPU.ActiveCfg = Debug|Any CPU
		{B435EF96-0149-43B4-8661-DF913BC78F9A}.Debug|Any CPU.Build.0 = Debug|Any CPU
		{B435EF96-0149-43B4-8661-DF913BC78F9A}.Debug|x64.ActiveCfg = Debug|Any CPU
		{B435EF96-0149-43B4-8661-DF913BC78F9A}.Debug|x64.Build.0 = Debug|Any CPU
		{B435EF96-0149-43B4-8661-DF913BC78F9A}.Debug|x86.ActiveCfg = Debug|Any CPU
		{B435EF96-0149-43B4-8661-DF913BC78F9A}.Debug|x86.Build.0 = Debug|Any CPU
		{B435EF96-0149-43B4-8661-DF913BC78F9A}.Release|Any CPU.ActiveCfg = Release|Any CPU
		{B435EF96-0149-43B4-8661-DF913BC78F9A}.Release|Any CPU.Build.0 = Release|Any CPU
		{B435EF96-0149-43B4-8661-DF913BC78F9A}.Release|x64.ActiveCfg = Release|Any CPU
		{B435EF96-0149-43B4-8661-DF913BC78F9A}.Release|x64.Build.0 = Release|Any CPU
		{B435EF96-0149-43B4-8661-DF913BC78F9A}.Release|x86.ActiveCfg = Release|Any CPU
		{B435EF96-0149-43B4-8661-DF913BC78F9A}.Release|x86.Build.0 = Release|Any CPU
		{FFD9E43B-F336-41B4-A65A-20448FBA3EB6}.Debug|Any CPU.ActiveCfg = Debug|Any CPU
		{FFD9E43B-F336-41B4-A65A-20448FBA3EB6}.Debug|Any CPU.Build.0 = Debug|Any CPU
		{FFD9E43B-F336-41B4-A65A-20448FBA3EB6}.Debug|x64.ActiveCfg = Debug|Any CPU
		{FFD9E43B-F336-41B4-A65A-20448FBA3EB6}.Debug|x64.Build.0 = Debug|Any CPU
		{FFD9E43B-F336-41B4-A65A-20448FBA3EB6}.Debug|x86.ActiveCfg = Debug|Any CPU
		{FFD9E43B-F336-41B4-A65A-20448FBA3EB6}.Debug|x86.Build.0 = Debug|Any CPU
		{FFD9E43B-F336-41B4-A65A-20448FBA3EB6}.Release|Any CPU.ActiveCfg = Release|Any CPU
		{FFD9E43B-F336-41B4-A65A-20448FBA3EB6}.Release|Any CPU.Build.0 = Release|Any CPU
		{FFD9E43B-F336-41B4-A65A-20448FBA3EB6}.Release|x64.ActiveCfg = Release|Any CPU
		{FFD9E43B-F336-41B4-A65A-20448FBA3EB6}.Release|x64.Build.0 = Release|Any CPU
		{FFD9E43B-F336-41B4-A65A-20448FBA3EB6}.Release|x86.ActiveCfg = Release|Any CPU
		{FFD9E43B-F336-41B4-A65A-20448FBA3EB6}.Release|x86.Build.0 = Release|Any CPU
		{41F4DC5C-56ED-4780-BE64-6ECDEF42C33C}.Debug|Any CPU.ActiveCfg = Debug|Any CPU
		{41F4DC5C-56ED-4780-BE64-6ECDEF42C33C}.Debug|Any CPU.Build.0 = Debug|Any CPU
		{41F4DC5C-56ED-4780-BE64-6ECDEF42C33C}.Debug|x64.ActiveCfg = Debug|Any CPU
		{41F4DC5C-56ED-4780-BE64-6ECDEF42C33C}.Debug|x64.Build.0 = Debug|Any CPU
		{41F4DC5C-56ED-4780-BE64-6ECDEF42C33C}.Debug|x86.ActiveCfg = Debug|Any CPU
		{41F4DC5C-56ED-4780-BE64-6ECDEF42C33C}.Debug|x86.Build.0 = Debug|Any CPU
		{41F4DC5C-56ED-4780-BE64-6ECDEF42C33C}.Release|Any CPU.ActiveCfg = Release|Any CPU
		{41F4DC5C-56ED-4780-BE64-6ECDEF42C33C}.Release|Any CPU.Build.0 = Release|Any CPU
		{41F4DC5C-56ED-4780-BE64-6ECDEF42C33C}.Release|x64.ActiveCfg = Release|Any CPU
		{41F4DC5C-56ED-4780-BE64-6ECDEF42C33C}.Release|x64.Build.0 = Release|Any CPU
		{41F4DC5C-56ED-4780-BE64-6ECDEF42C33C}.Release|x86.ActiveCfg = Release|Any CPU
		{41F4DC5C-56ED-4780-BE64-6ECDEF42C33C}.Release|x86.Build.0 = Release|Any CPU
		{DEFDD994-13B4-4EDC-846E-9AF4BAF22D59}.Debug|Any CPU.ActiveCfg = Debug|Any CPU
		{DEFDD994-13B4-4EDC-846E-9AF4BAF22D59}.Debug|Any CPU.Build.0 = Debug|Any CPU
		{DEFDD994-13B4-4EDC-846E-9AF4BAF22D59}.Debug|x64.ActiveCfg = Debug|Any CPU
		{DEFDD994-13B4-4EDC-846E-9AF4BAF22D59}.Debug|x64.Build.0 = Debug|Any CPU
		{DEFDD994-13B4-4EDC-846E-9AF4BAF22D59}.Debug|x86.ActiveCfg = Debug|Any CPU
		{DEFDD994-13B4-4EDC-846E-9AF4BAF22D59}.Debug|x86.Build.0 = Debug|Any CPU
		{DEFDD994-13B4-4EDC-846E-9AF4BAF22D59}.Release|Any CPU.ActiveCfg = Release|Any CPU
		{DEFDD994-13B4-4EDC-846E-9AF4BAF22D59}.Release|Any CPU.Build.0 = Release|Any CPU
		{DEFDD994-13B4-4EDC-846E-9AF4BAF22D59}.Release|x64.ActiveCfg = Release|Any CPU
		{DEFDD994-13B4-4EDC-846E-9AF4BAF22D59}.Release|x64.Build.0 = Release|Any CPU
		{DEFDD994-13B4-4EDC-846E-9AF4BAF22D59}.Release|x86.ActiveCfg = Release|Any CPU
		{DEFDD994-13B4-4EDC-846E-9AF4BAF22D59}.Release|x86.Build.0 = Release|Any CPU
		{312C8DA2-7BB5-424A-9A61-EC1CB3FD4986}.Debug|Any CPU.ActiveCfg = Debug|Any CPU
		{312C8DA2-7BB5-424A-9A61-EC1CB3FD4986}.Debug|Any CPU.Build.0 = Debug|Any CPU
		{312C8DA2-7BB5-424A-9A61-EC1CB3FD4986}.Debug|x64.ActiveCfg = Debug|Any CPU
		{312C8DA2-7BB5-424A-9A61-EC1CB3FD4986}.Debug|x64.Build.0 = Debug|Any CPU
		{312C8DA2-7BB5-424A-9A61-EC1CB3FD4986}.Debug|x86.ActiveCfg = Debug|Any CPU
		{312C8DA2-7BB5-424A-9A61-EC1CB3FD4986}.Debug|x86.Build.0 = Debug|Any CPU
		{312C8DA2-7BB5-424A-9A61-EC1CB3FD4986}.Release|Any CPU.ActiveCfg = Release|Any CPU
		{312C8DA2-7BB5-424A-9A61-EC1CB3FD4986}.Release|Any CPU.Build.0 = Release|Any CPU
		{312C8DA2-7BB5-424A-9A61-EC1CB3FD4986}.Release|x64.ActiveCfg = Release|Any CPU
		{312C8DA2-7BB5-424A-9A61-EC1CB3FD4986}.Release|x64.Build.0 = Release|Any CPU
		{312C8DA2-7BB5-424A-9A61-EC1CB3FD4986}.Release|x86.ActiveCfg = Release|Any CPU
		{312C8DA2-7BB5-424A-9A61-EC1CB3FD4986}.Release|x86.Build.0 = Release|Any CPU
		{830032AF-EEA4-452A-B8DF-5E176C8628B5}.Debug|Any CPU.ActiveCfg = Debug|Any CPU
		{830032AF-EEA4-452A-B8DF-5E176C8628B5}.Debug|Any CPU.Build.0 = Debug|Any CPU
		{830032AF-EEA4-452A-B8DF-5E176C8628B5}.Debug|x64.ActiveCfg = Debug|Any CPU
		{830032AF-EEA4-452A-B8DF-5E176C8628B5}.Debug|x64.Build.0 = Debug|Any CPU
		{830032AF-EEA4-452A-B8DF-5E176C8628B5}.Debug|x86.ActiveCfg = Debug|Any CPU
		{830032AF-EEA4-452A-B8DF-5E176C8628B5}.Debug|x86.Build.0 = Debug|Any CPU
		{830032AF-EEA4-452A-B8DF-5E176C8628B5}.Release|Any CPU.ActiveCfg = Release|Any CPU
		{830032AF-EEA4-452A-B8DF-5E176C8628B5}.Release|Any CPU.Build.0 = Release|Any CPU
		{830032AF-EEA4-452A-B8DF-5E176C8628B5}.Release|x64.ActiveCfg = Release|Any CPU
		{830032AF-EEA4-452A-B8DF-5E176C8628B5}.Release|x64.Build.0 = Release|Any CPU
		{830032AF-EEA4-452A-B8DF-5E176C8628B5}.Release|x86.ActiveCfg = Release|Any CPU
		{830032AF-EEA4-452A-B8DF-5E176C8628B5}.Release|x86.Build.0 = Release|Any CPU
		{4DCA1EFE-D3BD-4106-8F14-2614105A7DF3}.Debug|Any CPU.ActiveCfg = Debug|Any CPU
		{4DCA1EFE-D3BD-4106-8F14-2614105A7DF3}.Debug|Any CPU.Build.0 = Debug|Any CPU
		{4DCA1EFE-D3BD-4106-8F14-2614105A7DF3}.Debug|x64.ActiveCfg = Debug|Any CPU
		{4DCA1EFE-D3BD-4106-8F14-2614105A7DF3}.Debug|x64.Build.0 = Debug|Any CPU
		{4DCA1EFE-D3BD-4106-8F14-2614105A7DF3}.Debug|x86.ActiveCfg = Debug|Any CPU
		{4DCA1EFE-D3BD-4106-8F14-2614105A7DF3}.Debug|x86.Build.0 = Debug|Any CPU
		{4DCA1EFE-D3BD-4106-8F14-2614105A7DF3}.Release|Any CPU.ActiveCfg = Release|Any CPU
		{4DCA1EFE-D3BD-4106-8F14-2614105A7DF3}.Release|Any CPU.Build.0 = Release|Any CPU
		{4DCA1EFE-D3BD-4106-8F14-2614105A7DF3}.Release|x64.ActiveCfg = Release|Any CPU
		{4DCA1EFE-D3BD-4106-8F14-2614105A7DF3}.Release|x64.Build.0 = Release|Any CPU
		{4DCA1EFE-D3BD-4106-8F14-2614105A7DF3}.Release|x86.ActiveCfg = Release|Any CPU
		{4DCA1EFE-D3BD-4106-8F14-2614105A7DF3}.Release|x86.Build.0 = Release|Any CPU
		{92823600-4230-4715-8A5E-94EB8239DF40}.Debug|Any CPU.ActiveCfg = Debug|Any CPU
		{92823600-4230-4715-8A5E-94EB8239DF40}.Debug|Any CPU.Build.0 = Debug|Any CPU
		{92823600-4230-4715-8A5E-94EB8239DF40}.Debug|x64.ActiveCfg = Debug|Any CPU
		{92823600-4230-4715-8A5E-94EB8239DF40}.Debug|x64.Build.0 = Debug|Any CPU
		{92823600-4230-4715-8A5E-94EB8239DF40}.Debug|x86.ActiveCfg = Debug|Any CPU
		{92823600-4230-4715-8A5E-94EB8239DF40}.Debug|x86.Build.0 = Debug|Any CPU
		{92823600-4230-4715-8A5E-94EB8239DF40}.Release|Any CPU.ActiveCfg = Release|Any CPU
		{92823600-4230-4715-8A5E-94EB8239DF40}.Release|Any CPU.Build.0 = Release|Any CPU
		{92823600-4230-4715-8A5E-94EB8239DF40}.Release|x64.ActiveCfg = Release|Any CPU
		{92823600-4230-4715-8A5E-94EB8239DF40}.Release|x64.Build.0 = Release|Any CPU
		{92823600-4230-4715-8A5E-94EB8239DF40}.Release|x86.ActiveCfg = Release|Any CPU
		{92823600-4230-4715-8A5E-94EB8239DF40}.Release|x86.Build.0 = Release|Any CPU
		{F2BE87CC-1FA8-4A3F-9BB7-2F4CAEDFF760}.Debug|Any CPU.ActiveCfg = Debug|Any CPU
		{F2BE87CC-1FA8-4A3F-9BB7-2F4CAEDFF760}.Debug|Any CPU.Build.0 = Debug|Any CPU
		{F2BE87CC-1FA8-4A3F-9BB7-2F4CAEDFF760}.Debug|x64.ActiveCfg = Debug|Any CPU
		{F2BE87CC-1FA8-4A3F-9BB7-2F4CAEDFF760}.Debug|x64.Build.0 = Debug|Any CPU
		{F2BE87CC-1FA8-4A3F-9BB7-2F4CAEDFF760}.Debug|x86.ActiveCfg = Debug|Any CPU
		{F2BE87CC-1FA8-4A3F-9BB7-2F4CAEDFF760}.Debug|x86.Build.0 = Debug|Any CPU
		{F2BE87CC-1FA8-4A3F-9BB7-2F4CAEDFF760}.Release|Any CPU.ActiveCfg = Release|Any CPU
		{F2BE87CC-1FA8-4A3F-9BB7-2F4CAEDFF760}.Release|Any CPU.Build.0 = Release|Any CPU
		{F2BE87CC-1FA8-4A3F-9BB7-2F4CAEDFF760}.Release|x64.ActiveCfg = Release|Any CPU
		{F2BE87CC-1FA8-4A3F-9BB7-2F4CAEDFF760}.Release|x64.Build.0 = Release|Any CPU
		{F2BE87CC-1FA8-4A3F-9BB7-2F4CAEDFF760}.Release|x86.ActiveCfg = Release|Any CPU
		{F2BE87CC-1FA8-4A3F-9BB7-2F4CAEDFF760}.Release|x86.Build.0 = Release|Any CPU
		{46739C4B-2C25-4779-8CE2-87E23CBCA286}.Debug|Any CPU.ActiveCfg = Debug|Any CPU
		{46739C4B-2C25-4779-8CE2-87E23CBCA286}.Debug|Any CPU.Build.0 = Debug|Any CPU
		{46739C4B-2C25-4779-8CE2-87E23CBCA286}.Debug|x64.ActiveCfg = Debug|Any CPU
		{46739C4B-2C25-4779-8CE2-87E23CBCA286}.Debug|x64.Build.0 = Debug|Any CPU
		{46739C4B-2C25-4779-8CE2-87E23CBCA286}.Debug|x86.ActiveCfg = Debug|Any CPU
		{46739C4B-2C25-4779-8CE2-87E23CBCA286}.Debug|x86.Build.0 = Debug|Any CPU
		{46739C4B-2C25-4779-8CE2-87E23CBCA286}.Release|Any CPU.ActiveCfg = Release|Any CPU
		{46739C4B-2C25-4779-8CE2-87E23CBCA286}.Release|Any CPU.Build.0 = Release|Any CPU
		{46739C4B-2C25-4779-8CE2-87E23CBCA286}.Release|x64.ActiveCfg = Release|Any CPU
		{46739C4B-2C25-4779-8CE2-87E23CBCA286}.Release|x64.Build.0 = Release|Any CPU
		{46739C4B-2C25-4779-8CE2-87E23CBCA286}.Release|x86.ActiveCfg = Release|Any CPU
		{46739C4B-2C25-4779-8CE2-87E23CBCA286}.Release|x86.Build.0 = Release|Any CPU
		{0AF7D9BF-186C-4AA5-BACF-EBE35AED4EC9}.Debug|Any CPU.ActiveCfg = Debug|Any CPU
		{0AF7D9BF-186C-4AA5-BACF-EBE35AED4EC9}.Debug|Any CPU.Build.0 = Debug|Any CPU
		{0AF7D9BF-186C-4AA5-BACF-EBE35AED4EC9}.Debug|x64.ActiveCfg = Debug|Any CPU
		{0AF7D9BF-186C-4AA5-BACF-EBE35AED4EC9}.Debug|x64.Build.0 = Debug|Any CPU
		{0AF7D9BF-186C-4AA5-BACF-EBE35AED4EC9}.Debug|x86.ActiveCfg = Debug|Any CPU
		{0AF7D9BF-186C-4AA5-BACF-EBE35AED4EC9}.Debug|x86.Build.0 = Debug|Any CPU
		{0AF7D9BF-186C-4AA5-BACF-EBE35AED4EC9}.Release|Any CPU.ActiveCfg = Release|Any CPU
		{0AF7D9BF-186C-4AA5-BACF-EBE35AED4EC9}.Release|Any CPU.Build.0 = Release|Any CPU
		{0AF7D9BF-186C-4AA5-BACF-EBE35AED4EC9}.Release|x64.ActiveCfg = Release|Any CPU
		{0AF7D9BF-186C-4AA5-BACF-EBE35AED4EC9}.Release|x64.Build.0 = Release|Any CPU
		{0AF7D9BF-186C-4AA5-BACF-EBE35AED4EC9}.Release|x86.ActiveCfg = Release|Any CPU
		{0AF7D9BF-186C-4AA5-BACF-EBE35AED4EC9}.Release|x86.Build.0 = Release|Any CPU
		{8C748962-AD5A-431B-AC7D-A0505423D687}.Debug|Any CPU.ActiveCfg = Debug|Any CPU
		{8C748962-AD5A-431B-AC7D-A0505423D687}.Debug|Any CPU.Build.0 = Debug|Any CPU
		{8C748962-AD5A-431B-AC7D-A0505423D687}.Debug|x64.ActiveCfg = Debug|Any CPU
		{8C748962-AD5A-431B-AC7D-A0505423D687}.Debug|x64.Build.0 = Debug|Any CPU
		{8C748962-AD5A-431B-AC7D-A0505423D687}.Debug|x86.ActiveCfg = Debug|Any CPU
		{8C748962-AD5A-431B-AC7D-A0505423D687}.Debug|x86.Build.0 = Debug|Any CPU
		{8C748962-AD5A-431B-AC7D-A0505423D687}.Release|Any CPU.ActiveCfg = Release|Any CPU
		{8C748962-AD5A-431B-AC7D-A0505423D687}.Release|Any CPU.Build.0 = Release|Any CPU
		{8C748962-AD5A-431B-AC7D-A0505423D687}.Release|x64.ActiveCfg = Release|Any CPU
		{8C748962-AD5A-431B-AC7D-A0505423D687}.Release|x64.Build.0 = Release|Any CPU
		{8C748962-AD5A-431B-AC7D-A0505423D687}.Release|x86.ActiveCfg = Release|Any CPU
		{8C748962-AD5A-431B-AC7D-A0505423D687}.Release|x86.Build.0 = Release|Any CPU
		{2B8209C8-19B5-4A57-AEB4-843B2BF8F9CF}.Debug|Any CPU.ActiveCfg = Debug|Any CPU
		{2B8209C8-19B5-4A57-AEB4-843B2BF8F9CF}.Debug|Any CPU.Build.0 = Debug|Any CPU
		{2B8209C8-19B5-4A57-AEB4-843B2BF8F9CF}.Debug|x64.ActiveCfg = Debug|Any CPU
		{2B8209C8-19B5-4A57-AEB4-843B2BF8F9CF}.Debug|x64.Build.0 = Debug|Any CPU
		{2B8209C8-19B5-4A57-AEB4-843B2BF8F9CF}.Debug|x86.ActiveCfg = Debug|Any CPU
		{2B8209C8-19B5-4A57-AEB4-843B2BF8F9CF}.Debug|x86.Build.0 = Debug|Any CPU
		{2B8209C8-19B5-4A57-AEB4-843B2BF8F9CF}.Release|Any CPU.ActiveCfg = Release|Any CPU
		{2B8209C8-19B5-4A57-AEB4-843B2BF8F9CF}.Release|Any CPU.Build.0 = Release|Any CPU
		{2B8209C8-19B5-4A57-AEB4-843B2BF8F9CF}.Release|x64.ActiveCfg = Release|Any CPU
		{2B8209C8-19B5-4A57-AEB4-843B2BF8F9CF}.Release|x64.Build.0 = Release|Any CPU
		{2B8209C8-19B5-4A57-AEB4-843B2BF8F9CF}.Release|x86.ActiveCfg = Release|Any CPU
		{2B8209C8-19B5-4A57-AEB4-843B2BF8F9CF}.Release|x86.Build.0 = Release|Any CPU
		{FE6A0FB7-F550-4506-8886-E5A66A3D0423}.Debug|Any CPU.ActiveCfg = Debug|Any CPU
		{FE6A0FB7-F550-4506-8886-E5A66A3D0423}.Debug|Any CPU.Build.0 = Debug|Any CPU
		{FE6A0FB7-F550-4506-8886-E5A66A3D0423}.Debug|x64.ActiveCfg = Debug|Any CPU
		{FE6A0FB7-F550-4506-8886-E5A66A3D0423}.Debug|x64.Build.0 = Debug|Any CPU
		{FE6A0FB7-F550-4506-8886-E5A66A3D0423}.Debug|x86.ActiveCfg = Debug|Any CPU
		{FE6A0FB7-F550-4506-8886-E5A66A3D0423}.Debug|x86.Build.0 = Debug|Any CPU
		{FE6A0FB7-F550-4506-8886-E5A66A3D0423}.Release|Any CPU.ActiveCfg = Release|Any CPU
		{FE6A0FB7-F550-4506-8886-E5A66A3D0423}.Release|Any CPU.Build.0 = Release|Any CPU
		{FE6A0FB7-F550-4506-8886-E5A66A3D0423}.Release|x64.ActiveCfg = Release|Any CPU
		{FE6A0FB7-F550-4506-8886-E5A66A3D0423}.Release|x64.Build.0 = Release|Any CPU
		{FE6A0FB7-F550-4506-8886-E5A66A3D0423}.Release|x86.ActiveCfg = Release|Any CPU
		{FE6A0FB7-F550-4506-8886-E5A66A3D0423}.Release|x86.Build.0 = Release|Any CPU
	EndGlobalSection
	GlobalSection(SolutionProperties) = preSolution
		HideSolutionNode = FALSE
	EndGlobalSection
	GlobalSection(ExtensibilityGlobals) = postSolution
		SolutionGuid = {869F3464-8688-441A-8885-ADB16EED59ED}
	EndGlobalSection
EndGlobal
